// !$*UTF8*$!
{
	archiveVersion = 1;
	classes = {
	};
	objectVersion = 46;
	objects = {

/* Begin PBXBuildFile section */
		107D93B11CD9AEF300EA94F1 /* MessageUI.framework in Frameworks */ = {isa = PBXBuildFile; fileRef = 107D93B01CD9AEF300EA94F1 /* MessageUI.framework */; };
		349C86BBFC613BA6C93B1361 /* Pods_SBCEO_Directory.framework in Frameworks */ = {isa = PBXBuildFile; fileRef = 6C08136B654D7B291E1EE554 /* Pods_SBCEO_Directory.framework */; };
		75158E3E1CBEBBBB00882309 /* CellElements.swift in Sources */ = {isa = PBXBuildFile; fileRef = 75158E3D1CBEBBBB00882309 /* CellElements.swift */; };
		75282E781CCFCBB0006FCFA1 /* SecondViewController.swift in Sources */ = {isa = PBXBuildFile; fileRef = 75282E771CCFCBB0006FCFA1 /* SecondViewController.swift */; };
		752EC6901D19F62A007F1F6A /* CounselorViewController.swift in Sources */ = {isa = PBXBuildFile; fileRef = 752EC68F1D19F62A007F1F6A /* CounselorViewController.swift */; };
		753CA9991CC6B65900816DFA /* Main.storyboard in Resources */ = {isa = PBXBuildFile; fileRef = 75C8F1DF1CBD75C100125AD4 /* Main.storyboard */; };
		7568BA981F27E8570050ED1F /* GoogleService-Info.plist in Resources */ = {isa = PBXBuildFile; fileRef = 7568BA971F27E8570050ED1F /* GoogleService-Info.plist */; };
		75C43BFF1F2693E300FCD98C /* EmployeeList.swift in Sources */ = {isa = PBXBuildFile; fileRef = 75C43BFE1F2693E300FCD98C /* EmployeeList.swift */; };
		75C8F1DC1CBD75C100125AD4 /* AppDelegate.swift in Sources */ = {isa = PBXBuildFile; fileRef = 75C8F1DB1CBD75C100125AD4 /* AppDelegate.swift */; };
		75C8F1DE1CBD75C100125AD4 /* TableOneViewController.swift in Sources */ = {isa = PBXBuildFile; fileRef = 75C8F1DD1CBD75C100125AD4 /* TableOneViewController.swift */; };
		75C8F1E31CBD75C100125AD4 /* Assets.xcassets in Resources */ = {isa = PBXBuildFile; fileRef = 75C8F1E21CBD75C100125AD4 /* Assets.xcassets */; };
		75C8F1F11CBD75C100125AD4 /* OliveAndGoldTests.swift in Sources */ = {isa = PBXBuildFile; fileRef = 75C8F1F01CBD75C100125AD4 /* OliveAndGoldTests.swift */; };
		75C8F1FC1CBD75C100125AD4 /* OliveAndGoldUITests.swift in Sources */ = {isa = PBXBuildFile; fileRef = 75C8F1FB1CBD75C100125AD4 /* OliveAndGoldUITests.swift */; };
		75CAB16E1D1B017800C9884C /* LaunchScreen.storyboard in Resources */ = {isa = PBXBuildFile; fileRef = 75CAB16C1D1B017800C9884C /* LaunchScreen.storyboard */; };
		75D3244D1F1EAF9900F262DB /* EmployeeData.swift in Sources */ = {isa = PBXBuildFile; fileRef = 75D3244C1F1EAF9900F262DB /* EmployeeData.swift */; };
		991D6ED92ADC59AB6E10B261 /* Pods_SBCEO_DirectoryTests.framework in Frameworks */ = {isa = PBXBuildFile; fileRef = C40DA6E461B89C4D33C191B1 /* Pods_SBCEO_DirectoryTests.framework */; };
		B9C6740E14DD0B6867047C48 /* Pods_SBCEO_DirectoryUITests.framework in Frameworks */ = {isa = PBXBuildFile; fileRef = 6D84C82597C7DC57AB15399C /* Pods_SBCEO_DirectoryUITests.framework */; };
/* End PBXBuildFile section */

/* Begin PBXContainerItemProxy section */
		75C8F1ED1CBD75C100125AD4 /* PBXContainerItemProxy */ = {
			isa = PBXContainerItemProxy;
			containerPortal = 75C8F1D01CBD75C000125AD4 /* Project object */;
			proxyType = 1;
			remoteGlobalIDString = 75C8F1D71CBD75C100125AD4;
			remoteInfo = OliveAndGold;
		};
		75C8F1F81CBD75C100125AD4 /* PBXContainerItemProxy */ = {
			isa = PBXContainerItemProxy;
			containerPortal = 75C8F1D01CBD75C000125AD4 /* Project object */;
			proxyType = 1;
			remoteGlobalIDString = 75C8F1D71CBD75C100125AD4;
			remoteInfo = OliveAndGold;
		};
/* End PBXContainerItemProxy section */

/* Begin PBXFileReference section */
		107D93B01CD9AEF300EA94F1 /* MessageUI.framework */ = {isa = PBXFileReference; lastKnownFileType = wrapper.framework; name = MessageUI.framework; path = System/Library/Frameworks/MessageUI.framework; sourceTree = SDKROOT; };
		6C08136B654D7B291E1EE554 /* Pods_SBCEO_Directory.framework */ = {isa = PBXFileReference; explicitFileType = wrapper.framework; includeInIndex = 0; path = Pods_SBCEO_Directory.framework; sourceTree = BUILT_PRODUCTS_DIR; };
		6D84C82597C7DC57AB15399C /* Pods_SBCEO_DirectoryUITests.framework */ = {isa = PBXFileReference; explicitFileType = wrapper.framework; includeInIndex = 0; path = Pods_SBCEO_DirectoryUITests.framework; sourceTree = BUILT_PRODUCTS_DIR; };
		75158E3D1CBEBBBB00882309 /* CellElements.swift */ = {isa = PBXFileReference; fileEncoding = 4; lastKnownFileType = sourcecode.swift; path = CellElements.swift; sourceTree = "<group>"; wrapsLines = 0; };
		75282E771CCFCBB0006FCFA1 /* SecondViewController.swift */ = {isa = PBXFileReference; fileEncoding = 4; lastKnownFileType = sourcecode.swift; path = SecondViewController.swift; sourceTree = "<group>"; wrapsLines = 0; };
		752EC68F1D19F62A007F1F6A /* CounselorViewController.swift */ = {isa = PBXFileReference; fileEncoding = 4; lastKnownFileType = sourcecode.swift; path = CounselorViewController.swift; sourceTree = "<group>"; };
		753CA9981CC6B54F00816DFA /* en */ = {isa = PBXFileReference; lastKnownFileType = file.storyboard; name = en; path = en.lproj/Main.storyboard; sourceTree = "<group>"; };
		7568BA971F27E8570050ED1F /* GoogleService-Info.plist */ = {isa = PBXFileReference; fileEncoding = 4; lastKnownFileType = text.plist.xml; path = "GoogleService-Info.plist"; sourceTree = "<group>"; };
		75C43BFE1F2693E300FCD98C /* EmployeeList.swift */ = {isa = PBXFileReference; fileEncoding = 4; lastKnownFileType = sourcecode.swift; path = EmployeeList.swift; sourceTree = "<group>"; };
		75C8F1D81CBD75C100125AD4 /* SBCEO Directory.app */ = {isa = PBXFileReference; explicitFileType = wrapper.application; includeInIndex = 0; path = "SBCEO Directory.app"; sourceTree = BUILT_PRODUCTS_DIR; };
		75C8F1DB1CBD75C100125AD4 /* AppDelegate.swift */ = {isa = PBXFileReference; lastKnownFileType = sourcecode.swift; path = AppDelegate.swift; sourceTree = "<group>"; };
		75C8F1DD1CBD75C100125AD4 /* TableOneViewController.swift */ = {isa = PBXFileReference; lastKnownFileType = sourcecode.swift; path = TableOneViewController.swift; sourceTree = "<group>"; };
		75C8F1E21CBD75C100125AD4 /* Assets.xcassets */ = {isa = PBXFileReference; lastKnownFileType = folder.assetcatalog; path = Assets.xcassets; sourceTree = "<group>"; };
		75C8F1E71CBD75C100125AD4 /* Info.plist */ = {isa = PBXFileReference; fileEncoding = 4; lastKnownFileType = text.plist.xml; path = Info.plist; sourceTree = "<group>"; };
		75C8F1EC1CBD75C100125AD4 /* SBCEO Directory.xctest */ = {isa = PBXFileReference; explicitFileType = wrapper.cfbundle; includeInIndex = 0; path = "SBCEO Directory.xctest"; sourceTree = BUILT_PRODUCTS_DIR; };
		75C8F1F01CBD75C100125AD4 /* OliveAndGoldTests.swift */ = {isa = PBXFileReference; lastKnownFileType = sourcecode.swift; path = OliveAndGoldTests.swift; sourceTree = "<group>"; };
		75C8F1F21CBD75C100125AD4 /* Info.plist */ = {isa = PBXFileReference; lastKnownFileType = text.plist.xml; path = Info.plist; sourceTree = "<group>"; };
		75C8F1F71CBD75C100125AD4 /* SBCEO Directory.xctest */ = {isa = PBXFileReference; explicitFileType = wrapper.cfbundle; includeInIndex = 0; path = "SBCEO Directory.xctest"; sourceTree = BUILT_PRODUCTS_DIR; };
		75C8F1FB1CBD75C100125AD4 /* OliveAndGoldUITests.swift */ = {isa = PBXFileReference; lastKnownFileType = sourcecode.swift; path = OliveAndGoldUITests.swift; sourceTree = "<group>"; };
		75C8F1FD1CBD75C100125AD4 /* Info.plist */ = {isa = PBXFileReference; lastKnownFileType = text.plist.xml; path = Info.plist; sourceTree = "<group>"; };
		75CAB16D1D1B017800C9884C /* Base */ = {isa = PBXFileReference; lastKnownFileType = file.storyboard; name = Base; path = OliveAndGold/Base.lproj/LaunchScreen.storyboard; sourceTree = "<group>"; };
		75D3244C1F1EAF9900F262DB /* EmployeeData.swift */ = {isa = PBXFileReference; fileEncoding = 4; lastKnownFileType = sourcecode.swift; path = EmployeeData.swift; sourceTree = "<group>"; };
		BE3EAD68D299D2BC44AE2D1F /* Pods-SBCEO DirectoryUITests.debug.xcconfig */ = {isa = PBXFileReference; includeInIndex = 1; lastKnownFileType = text.xcconfig; name = "Pods-SBCEO DirectoryUITests.debug.xcconfig"; path = "Pods/Target Support Files/Pods-SBCEO DirectoryUITests/Pods-SBCEO DirectoryUITests.debug.xcconfig"; sourceTree = "<group>"; };
		C40DA6E461B89C4D33C191B1 /* Pods_SBCEO_DirectoryTests.framework */ = {isa = PBXFileReference; explicitFileType = wrapper.framework; includeInIndex = 0; path = Pods_SBCEO_DirectoryTests.framework; sourceTree = BUILT_PRODUCTS_DIR; };
		C65B77430B8B36FD25FC56F7 /* Pods-SBCEO Directory.debug.xcconfig */ = {isa = PBXFileReference; includeInIndex = 1; lastKnownFileType = text.xcconfig; name = "Pods-SBCEO Directory.debug.xcconfig"; path = "Pods/Target Support Files/Pods-SBCEO Directory/Pods-SBCEO Directory.debug.xcconfig"; sourceTree = "<group>"; };
		E5036CCE8674D244D900F0D4 /* Pods-SBCEO Directory.release.xcconfig */ = {isa = PBXFileReference; includeInIndex = 1; lastKnownFileType = text.xcconfig; name = "Pods-SBCEO Directory.release.xcconfig"; path = "Pods/Target Support Files/Pods-SBCEO Directory/Pods-SBCEO Directory.release.xcconfig"; sourceTree = "<group>"; };
		E58F4897783976CFB6AE7E0E /* Pods-SBCEO DirectoryTests.debug.xcconfig */ = {isa = PBXFileReference; includeInIndex = 1; lastKnownFileType = text.xcconfig; name = "Pods-SBCEO DirectoryTests.debug.xcconfig"; path = "Pods/Target Support Files/Pods-SBCEO DirectoryTests/Pods-SBCEO DirectoryTests.debug.xcconfig"; sourceTree = "<group>"; };
		FC7473C926DF7A95507E4481 /* Pods-SBCEO DirectoryTests.release.xcconfig */ = {isa = PBXFileReference; includeInIndex = 1; lastKnownFileType = text.xcconfig; name = "Pods-SBCEO DirectoryTests.release.xcconfig"; path = "Pods/Target Support Files/Pods-SBCEO DirectoryTests/Pods-SBCEO DirectoryTests.release.xcconfig"; sourceTree = "<group>"; };
		FE5F7B3E3997D3A9FB67B011 /* Pods-SBCEO DirectoryUITests.release.xcconfig */ = {isa = PBXFileReference; includeInIndex = 1; lastKnownFileType = text.xcconfig; name = "Pods-SBCEO DirectoryUITests.release.xcconfig"; path = "Pods/Target Support Files/Pods-SBCEO DirectoryUITests/Pods-SBCEO DirectoryUITests.release.xcconfig"; sourceTree = "<group>"; };
/* End PBXFileReference section */

/* Begin PBXFrameworksBuildPhase section */
		75C8F1D51CBD75C100125AD4 /* Frameworks */ = {
			isa = PBXFrameworksBuildPhase;
			buildActionMask = 2147483647;
			files = (
				349C86BBFC613BA6C93B1361 /* Pods_SBCEO_Directory.framework in Frameworks */,
			);
			runOnlyForDeploymentPostprocessing = 0;
		};
		75C8F1E91CBD75C100125AD4 /* Frameworks */ = {
			isa = PBXFrameworksBuildPhase;
			buildActionMask = 2147483647;
			files = (
				991D6ED92ADC59AB6E10B261 /* Pods_SBCEO_DirectoryTests.framework in Frameworks */,
			);
			runOnlyForDeploymentPostprocessing = 0;
		};
		75C8F1F41CBD75C100125AD4 /* Frameworks */ = {
			isa = PBXFrameworksBuildPhase;
			buildActionMask = 2147483647;
			files = (
				107D93B11CD9AEF300EA94F1 /* MessageUI.framework in Frameworks */,
				B9C6740E14DD0B6867047C48 /* Pods_SBCEO_DirectoryUITests.framework in Frameworks */,
			);
			runOnlyForDeploymentPostprocessing = 0;
		};
/* End PBXFrameworksBuildPhase section */

/* Begin PBXGroup section */
		395778339E5EC362A32170E0 /* Pods */ = {
			isa = PBXGroup;
			children = (
				C65B77430B8B36FD25FC56F7 /* Pods-SBCEO Directory.debug.xcconfig */,
				E5036CCE8674D244D900F0D4 /* Pods-SBCEO Directory.release.xcconfig */,
				E58F4897783976CFB6AE7E0E /* Pods-SBCEO DirectoryTests.debug.xcconfig */,
				FC7473C926DF7A95507E4481 /* Pods-SBCEO DirectoryTests.release.xcconfig */,
				BE3EAD68D299D2BC44AE2D1F /* Pods-SBCEO DirectoryUITests.debug.xcconfig */,
				FE5F7B3E3997D3A9FB67B011 /* Pods-SBCEO DirectoryUITests.release.xcconfig */,
			);
			name = Pods;
			sourceTree = "<group>";
		};
		75C8F1CF1CBD75C000125AD4 = {
			isa = PBXGroup;
			children = (
				107D93B01CD9AEF300EA94F1 /* MessageUI.framework */,
				75C8F1DA1CBD75C100125AD4 /* OliveAndGold */,
				75C8F1EF1CBD75C100125AD4 /* OliveAndGoldTests */,
				75C8F1FA1CBD75C100125AD4 /* OliveAndGoldUITests */,
				75C8F1D91CBD75C100125AD4 /* Products */,
				395778339E5EC362A32170E0 /* Pods */,
				DC87677268BD13BA3C0E6787 /* Frameworks */,
			);
			sourceTree = "<group>";
		};
		75C8F1D91CBD75C100125AD4 /* Products */ = {
			isa = PBXGroup;
			children = (
				75C8F1D81CBD75C100125AD4 /* SBCEO Directory.app */,
				75C8F1EC1CBD75C100125AD4 /* SBCEO Directory.xctest */,
				75C8F1F71CBD75C100125AD4 /* SBCEO Directory.xctest */,
			);
			name = Products;
			sourceTree = "<group>";
		};
		75C8F1DA1CBD75C100125AD4 /* OliveAndGold */ = {
			isa = PBXGroup;
			children = (
				75C8F1DB1CBD75C100125AD4 /* AppDelegate.swift */,
				75C43BFE1F2693E300FCD98C /* EmployeeList.swift */,
				75D3244C1F1EAF9900F262DB /* EmployeeData.swift */,
				75158E3D1CBEBBBB00882309 /* CellElements.swift */,
				75C8F1DD1CBD75C100125AD4 /* TableOneViewController.swift */,
				75282E771CCFCBB0006FCFA1 /* SecondViewController.swift */,
				752EC68F1D19F62A007F1F6A /* CounselorViewController.swift */,
				75C8F1DF1CBD75C100125AD4 /* Main.storyboard */,
				75CAB16C1D1B017800C9884C /* LaunchScreen.storyboard */,
				75C8F1E21CBD75C100125AD4 /* Assets.xcassets */,
				75C8F1E71CBD75C100125AD4 /* Info.plist */,
				7568BA971F27E8570050ED1F /* GoogleService-Info.plist */,
			);
			path = OliveAndGold;
			sourceTree = "<group>";
		};
		75C8F1EF1CBD75C100125AD4 /* OliveAndGoldTests */ = {
			isa = PBXGroup;
			children = (
				75C8F1F01CBD75C100125AD4 /* OliveAndGoldTests.swift */,
				75C8F1F21CBD75C100125AD4 /* Info.plist */,
			);
			path = OliveAndGoldTests;
			sourceTree = "<group>";
		};
		75C8F1FA1CBD75C100125AD4 /* OliveAndGoldUITests */ = {
			isa = PBXGroup;
			children = (
				75C8F1FB1CBD75C100125AD4 /* OliveAndGoldUITests.swift */,
				75C8F1FD1CBD75C100125AD4 /* Info.plist */,
			);
			path = OliveAndGoldUITests;
			sourceTree = "<group>";
		};
		DC87677268BD13BA3C0E6787 /* Frameworks */ = {
			isa = PBXGroup;
			children = (
				6C08136B654D7B291E1EE554 /* Pods_SBCEO_Directory.framework */,
				C40DA6E461B89C4D33C191B1 /* Pods_SBCEO_DirectoryTests.framework */,
				6D84C82597C7DC57AB15399C /* Pods_SBCEO_DirectoryUITests.framework */,
			);
			name = Frameworks;
			sourceTree = "<group>";
		};
/* End PBXGroup section */

/* Begin PBXNativeTarget section */
		75C8F1D71CBD75C100125AD4 /* SBCEO Directory */ = {
			isa = PBXNativeTarget;
			buildConfigurationList = 75C8F2001CBD75C100125AD4 /* Build configuration list for PBXNativeTarget "SBCEO Directory" */;
			buildPhases = (
				EF38AE7F0CF93F68FABA2E82 /* [CP] Check Pods Manifest.lock */,
				75C8F1D41CBD75C100125AD4 /* Sources */,
				75C8F1D51CBD75C100125AD4 /* Frameworks */,
				75C8F1D61CBD75C100125AD4 /* Resources */,
				B996EB67C9C3E85FC24820AF /* [CP] Embed Pods Frameworks */,
				454A353EE1DF2E66E2F93407 /* [CP] Copy Pods Resources */,
			);
			buildRules = (
			);
			dependencies = (
			);
			name = "SBCEO Directory";
			productName = OliveAndGold;
			productReference = 75C8F1D81CBD75C100125AD4 /* SBCEO Directory.app */;
			productType = "com.apple.product-type.application";
		};
		75C8F1EB1CBD75C100125AD4 /* SBCEO DirectoryTests */ = {
			isa = PBXNativeTarget;
			buildConfigurationList = 75C8F2031CBD75C100125AD4 /* Build configuration list for PBXNativeTarget "SBCEO DirectoryTests" */;
			buildPhases = (
				BF4EF21D6C681816B1FF3AFC /* [CP] Check Pods Manifest.lock */,
				75C8F1E81CBD75C100125AD4 /* Sources */,
				75C8F1E91CBD75C100125AD4 /* Frameworks */,
				75C8F1EA1CBD75C100125AD4 /* Resources */,
				A41E70354AAE47B074AE43CC /* [CP] Embed Pods Frameworks */,
				3EC935AC975E28AC36A5B75D /* [CP] Copy Pods Resources */,
			);
			buildRules = (
			);
			dependencies = (
				75C8F1EE1CBD75C100125AD4 /* PBXTargetDependency */,
			);
			name = "SBCEO DirectoryTests";
			productName = OliveAndGoldTests;
			productReference = 75C8F1EC1CBD75C100125AD4 /* SBCEO Directory.xctest */;
			productType = "com.apple.product-type.bundle.unit-test";
		};
		75C8F1F61CBD75C100125AD4 /* SBCEO DirectoryUITests */ = {
			isa = PBXNativeTarget;
			buildConfigurationList = 75C8F2061CBD75C100125AD4 /* Build configuration list for PBXNativeTarget "SBCEO DirectoryUITests" */;
			buildPhases = (
				D239B9FD40ACA5D12FD86489 /* [CP] Check Pods Manifest.lock */,
				75C8F1F31CBD75C100125AD4 /* Sources */,
				75C8F1F41CBD75C100125AD4 /* Frameworks */,
				75C8F1F51CBD75C100125AD4 /* Resources */,
				DABE9C081F069D1AE9F39F98 /* [CP] Embed Pods Frameworks */,
				818564B38961BB25D470E73B /* [CP] Copy Pods Resources */,
			);
			buildRules = (
			);
			dependencies = (
				75C8F1F91CBD75C100125AD4 /* PBXTargetDependency */,
			);
			name = "SBCEO DirectoryUITests";
			productName = OliveAndGoldUITests;
			productReference = 75C8F1F71CBD75C100125AD4 /* SBCEO Directory.xctest */;
			productType = "com.apple.product-type.bundle.ui-testing";
		};
/* End PBXNativeTarget section */

/* Begin PBXProject section */
		75C8F1D01CBD75C000125AD4 /* Project object */ = {
			isa = PBXProject;
			attributes = {
				KnownAssetTags = (
					41,
				);
				LastSwiftUpdateCheck = 0720;
				LastUpgradeCheck = 0830;
				ORGANIZATIONNAME = com.4myeecc;
				TargetAttributes = {
					75C8F1D71CBD75C100125AD4 = {
						CreatedOnToolsVersion = 7.2;
						DevelopmentTeam = 65AM52L96X;
						LastSwiftMigration = 0830;
						ProvisioningStyle = Automatic;
					};
					75C8F1EB1CBD75C100125AD4 = {
						CreatedOnToolsVersion = 7.2;
						DevelopmentTeam = 8NCGG875PH;
						LastSwiftMigration = 0830;
						TestTargetID = 75C8F1D71CBD75C100125AD4;
					};
					75C8F1F61CBD75C100125AD4 = {
						CreatedOnToolsVersion = 7.2;
						DevelopmentTeam = 8NCGG875PH;
						LastSwiftMigration = 0830;
						TestTargetID = 75C8F1D71CBD75C100125AD4;
					};
				};
			};
			buildConfigurationList = 75C8F1D31CBD75C000125AD4 /* Build configuration list for PBXProject "SBCEO Directory" */;
			compatibilityVersion = "Xcode 3.2";
			developmentRegion = English;
			hasScannedForEncodings = 0;
			knownRegions = (
				en,
				Base,
			);
			mainGroup = 75C8F1CF1CBD75C000125AD4;
			productRefGroup = 75C8F1D91CBD75C100125AD4 /* Products */;
			projectDirPath = "";
			projectRoot = "";
			targets = (
				75C8F1D71CBD75C100125AD4 /* SBCEO Directory */,
				75C8F1EB1CBD75C100125AD4 /* SBCEO DirectoryTests */,
				75C8F1F61CBD75C100125AD4 /* SBCEO DirectoryUITests */,
			);
		};
/* End PBXProject section */

/* Begin PBXResourcesBuildPhase section */
		75C8F1D61CBD75C100125AD4 /* Resources */ = {
			isa = PBXResourcesBuildPhase;
			buildActionMask = 2147483647;
			files = (
				753CA9991CC6B65900816DFA /* Main.storyboard in Resources */,
				7568BA981F27E8570050ED1F /* GoogleService-Info.plist in Resources */,
				75CAB16E1D1B017800C9884C /* LaunchScreen.storyboard in Resources */,
				75C8F1E31CBD75C100125AD4 /* Assets.xcassets in Resources */,
			);
			runOnlyForDeploymentPostprocessing = 0;
		};
		75C8F1EA1CBD75C100125AD4 /* Resources */ = {
			isa = PBXResourcesBuildPhase;
			buildActionMask = 2147483647;
			files = (
			);
			runOnlyForDeploymentPostprocessing = 0;
		};
		75C8F1F51CBD75C100125AD4 /* Resources */ = {
			isa = PBXResourcesBuildPhase;
			buildActionMask = 2147483647;
			files = (
			);
			runOnlyForDeploymentPostprocessing = 0;
		};
/* End PBXResourcesBuildPhase section */

/* Begin PBXShellScriptBuildPhase section */
		3EC935AC975E28AC36A5B75D /* [CP] Copy Pods Resources */ = {
			isa = PBXShellScriptBuildPhase;
			buildActionMask = 2147483647;
			files = (
			);
			inputPaths = (
			);
			name = "[CP] Copy Pods Resources";
			outputPaths = (
			);
			runOnlyForDeploymentPostprocessing = 0;
			shellPath = /bin/sh;
			shellScript = "\"${SRCROOT}/Pods/Target Support Files/Pods-SBCEO DirectoryTests/Pods-SBCEO DirectoryTests-resources.sh\"\n";
			showEnvVarsInLog = 0;
		};
		454A353EE1DF2E66E2F93407 /* [CP] Copy Pods Resources */ = {
			isa = PBXShellScriptBuildPhase;
			buildActionMask = 2147483647;
			files = (
			);
			inputPaths = (
			);
			name = "[CP] Copy Pods Resources";
			outputPaths = (
			);
			runOnlyForDeploymentPostprocessing = 0;
			shellPath = /bin/sh;
			shellScript = "\"${SRCROOT}/Pods/Target Support Files/Pods-SBCEO Directory/Pods-SBCEO Directory-resources.sh\"\n";
			showEnvVarsInLog = 0;
		};
		818564B38961BB25D470E73B /* [CP] Copy Pods Resources */ = {
			isa = PBXShellScriptBuildPhase;
			buildActionMask = 2147483647;
			files = (
			);
			inputPaths = (
			);
			name = "[CP] Copy Pods Resources";
			outputPaths = (
			);
			runOnlyForDeploymentPostprocessing = 0;
			shellPath = /bin/sh;
			shellScript = "\"${SRCROOT}/Pods/Target Support Files/Pods-SBCEO DirectoryUITests/Pods-SBCEO DirectoryUITests-resources.sh\"\n";
			showEnvVarsInLog = 0;
		};
		A41E70354AAE47B074AE43CC /* [CP] Embed Pods Frameworks */ = {
			isa = PBXShellScriptBuildPhase;
			buildActionMask = 2147483647;
			files = (
			);
			inputPaths = (
			);
			name = "[CP] Embed Pods Frameworks";
			outputPaths = (
			);
			runOnlyForDeploymentPostprocessing = 0;
			shellPath = /bin/sh;
			shellScript = "\"${SRCROOT}/Pods/Target Support Files/Pods-SBCEO DirectoryTests/Pods-SBCEO DirectoryTests-frameworks.sh\"\n";
			showEnvVarsInLog = 0;
		};
		B996EB67C9C3E85FC24820AF /* [CP] Embed Pods Frameworks */ = {
			isa = PBXShellScriptBuildPhase;
			buildActionMask = 2147483647;
			files = (
			);
			inputPaths = (
			);
			name = "[CP] Embed Pods Frameworks";
			outputPaths = (
			);
			runOnlyForDeploymentPostprocessing = 0;
			shellPath = /bin/sh;
			shellScript = "\"${SRCROOT}/Pods/Target Support Files/Pods-SBCEO Directory/Pods-SBCEO Directory-frameworks.sh\"\n";
			showEnvVarsInLog = 0;
		};
		BF4EF21D6C681816B1FF3AFC /* [CP] Check Pods Manifest.lock */ = {
			isa = PBXShellScriptBuildPhase;
			buildActionMask = 2147483647;
			files = (
			);
			inputPaths = (
			);
			name = "[CP] Check Pods Manifest.lock";
			outputPaths = (
			);
			runOnlyForDeploymentPostprocessing = 0;
			shellPath = /bin/sh;
			shellScript = "diff \"${PODS_PODFILE_DIR_PATH}/Podfile.lock\" \"${PODS_ROOT}/Manifest.lock\" > /dev/null\nif [ $? != 0 ] ; then\n    # print error to STDERR\n    echo \"error: The sandbox is not in sync with the Podfile.lock. Run 'pod install' or update your CocoaPods installation.\" >&2\n    exit 1\nfi\n";
			showEnvVarsInLog = 0;
		};
		D239B9FD40ACA5D12FD86489 /* [CP] Check Pods Manifest.lock */ = {
			isa = PBXShellScriptBuildPhase;
			buildActionMask = 2147483647;
			files = (
			);
			inputPaths = (
			);
			name = "[CP] Check Pods Manifest.lock";
			outputPaths = (
			);
			runOnlyForDeploymentPostprocessing = 0;
			shellPath = /bin/sh;
			shellScript = "diff \"${PODS_PODFILE_DIR_PATH}/Podfile.lock\" \"${PODS_ROOT}/Manifest.lock\" > /dev/null\nif [ $? != 0 ] ; then\n    # print error to STDERR\n    echo \"error: The sandbox is not in sync with the Podfile.lock. Run 'pod install' or update your CocoaPods installation.\" >&2\n    exit 1\nfi\n";
			showEnvVarsInLog = 0;
		};
		DABE9C081F069D1AE9F39F98 /* [CP] Embed Pods Frameworks */ = {
			isa = PBXShellScriptBuildPhase;
			buildActionMask = 2147483647;
			files = (
			);
			inputPaths = (
			);
			name = "[CP] Embed Pods Frameworks";
			outputPaths = (
			);
			runOnlyForDeploymentPostprocessing = 0;
			shellPath = /bin/sh;
			shellScript = "\"${SRCROOT}/Pods/Target Support Files/Pods-SBCEO DirectoryUITests/Pods-SBCEO DirectoryUITests-frameworks.sh\"\n";
			showEnvVarsInLog = 0;
		};
		EF38AE7F0CF93F68FABA2E82 /* [CP] Check Pods Manifest.lock */ = {
			isa = PBXShellScriptBuildPhase;
			buildActionMask = 2147483647;
			files = (
			);
			inputPaths = (
			);
			name = "[CP] Check Pods Manifest.lock";
			outputPaths = (
			);
			runOnlyForDeploymentPostprocessing = 0;
			shellPath = /bin/sh;
			shellScript = "diff \"${PODS_PODFILE_DIR_PATH}/Podfile.lock\" \"${PODS_ROOT}/Manifest.lock\" > /dev/null\nif [ $? != 0 ] ; then\n    # print error to STDERR\n    echo \"error: The sandbox is not in sync with the Podfile.lock. Run 'pod install' or update your CocoaPods installation.\" >&2\n    exit 1\nfi\n";
			showEnvVarsInLog = 0;
		};
/* End PBXShellScriptBuildPhase section */

/* Begin PBXSourcesBuildPhase section */
		75C8F1D41CBD75C100125AD4 /* Sources */ = {
			isa = PBXSourcesBuildPhase;
			buildActionMask = 2147483647;
			files = (
				75C43BFF1F2693E300FCD98C /* EmployeeList.swift in Sources */,
				75282E781CCFCBB0006FCFA1 /* SecondViewController.swift in Sources */,
				75D3244D1F1EAF9900F262DB /* EmployeeData.swift in Sources */,
				75158E3E1CBEBBBB00882309 /* CellElements.swift in Sources */,
				75C8F1DE1CBD75C100125AD4 /* TableOneViewController.swift in Sources */,
				75C8F1DC1CBD75C100125AD4 /* AppDelegate.swift in Sources */,
				752EC6901D19F62A007F1F6A /* CounselorViewController.swift in Sources */,
			);
			runOnlyForDeploymentPostprocessing = 0;
		};
		75C8F1E81CBD75C100125AD4 /* Sources */ = {
			isa = PBXSourcesBuildPhase;
			buildActionMask = 2147483647;
			files = (
				75C8F1F11CBD75C100125AD4 /* OliveAndGoldTests.swift in Sources */,
			);
			runOnlyForDeploymentPostprocessing = 0;
		};
		75C8F1F31CBD75C100125AD4 /* Sources */ = {
			isa = PBXSourcesBuildPhase;
			buildActionMask = 2147483647;
			files = (
				75C8F1FC1CBD75C100125AD4 /* OliveAndGoldUITests.swift in Sources */,
			);
			runOnlyForDeploymentPostprocessing = 0;
		};
/* End PBXSourcesBuildPhase section */

/* Begin PBXTargetDependency section */
		75C8F1EE1CBD75C100125AD4 /* PBXTargetDependency */ = {
			isa = PBXTargetDependency;
			target = 75C8F1D71CBD75C100125AD4 /* SBCEO Directory */;
			targetProxy = 75C8F1ED1CBD75C100125AD4 /* PBXContainerItemProxy */;
		};
		75C8F1F91CBD75C100125AD4 /* PBXTargetDependency */ = {
			isa = PBXTargetDependency;
			target = 75C8F1D71CBD75C100125AD4 /* SBCEO Directory */;
			targetProxy = 75C8F1F81CBD75C100125AD4 /* PBXContainerItemProxy */;
		};
/* End PBXTargetDependency section */

/* Begin PBXVariantGroup section */
		75C8F1DF1CBD75C100125AD4 /* Main.storyboard */ = {
			isa = PBXVariantGroup;
			children = (
				753CA9981CC6B54F00816DFA /* en */,
			);
			name = Main.storyboard;
			sourceTree = "<group>";
		};
		75CAB16C1D1B017800C9884C /* LaunchScreen.storyboard */ = {
			isa = PBXVariantGroup;
			children = (
				75CAB16D1D1B017800C9884C /* Base */,
			);
			name = LaunchScreen.storyboard;
			path = ..;
			sourceTree = "<group>";
		};
/* End PBXVariantGroup section */

/* Begin XCBuildConfiguration section */
		75C8F1FE1CBD75C100125AD4 /* Debug */ = {
			isa = XCBuildConfiguration;
			buildSettings = {
				ALWAYS_SEARCH_USER_PATHS = NO;
				CLANG_CXX_LANGUAGE_STANDARD = "gnu++0x";
				CLANG_CXX_LIBRARY = "libc++";
				CLANG_ENABLE_MODULES = YES;
				CLANG_ENABLE_OBJC_ARC = YES;
				CLANG_WARN_BOOL_CONVERSION = YES;
				CLANG_WARN_CONSTANT_CONVERSION = YES;
				CLANG_WARN_DIRECT_OBJC_ISA_USAGE = YES_ERROR;
				CLANG_WARN_EMPTY_BODY = YES;
				CLANG_WARN_ENUM_CONVERSION = YES;
				CLANG_WARN_INFINITE_RECURSION = YES;
				CLANG_WARN_INT_CONVERSION = YES;
				CLANG_WARN_OBJC_ROOT_CLASS = YES_ERROR;
				CLANG_WARN_SUSPICIOUS_MOVE = YES;
				CLANG_WARN_UNREACHABLE_CODE = YES;
				CLANG_WARN__DUPLICATE_METHOD_MATCH = YES;
				"CODE_SIGN_IDENTITY[sdk=iphoneos*]" = "iPhone Developer";
				COPY_PHASE_STRIP = NO;
				DEBUG_INFORMATION_FORMAT = dwarf;
				ENABLE_STRICT_OBJC_MSGSEND = YES;
				ENABLE_TESTABILITY = YES;
				GCC_C_LANGUAGE_STANDARD = gnu99;
				GCC_DYNAMIC_NO_PIC = NO;
				GCC_NO_COMMON_BLOCKS = YES;
				GCC_OPTIMIZATION_LEVEL = 0;
				GCC_PREPROCESSOR_DEFINITIONS = (
					"DEBUG=1",
					"$(inherited)",
				);
				GCC_WARN_64_TO_32_BIT_CONVERSION = YES;
				GCC_WARN_ABOUT_RETURN_TYPE = YES_ERROR;
				GCC_WARN_UNDECLARED_SELECTOR = YES;
				GCC_WARN_UNINITIALIZED_AUTOS = YES_AGGRESSIVE;
				GCC_WARN_UNUSED_FUNCTION = YES;
				GCC_WARN_UNUSED_VARIABLE = YES;
				IPHONEOS_DEPLOYMENT_TARGET = 9.2;
				MTL_ENABLE_DEBUG_INFO = YES;
				ONLY_ACTIVE_ARCH = YES;
				SDKROOT = iphoneos;
				SWIFT_OPTIMIZATION_LEVEL = "-Onone";
			};
			name = Debug;
		};
		75C8F1FF1CBD75C100125AD4 /* Release */ = {
			isa = XCBuildConfiguration;
			buildSettings = {
				ALWAYS_SEARCH_USER_PATHS = NO;
				CLANG_CXX_LANGUAGE_STANDARD = "gnu++0x";
				CLANG_CXX_LIBRARY = "libc++";
				CLANG_ENABLE_MODULES = YES;
				CLANG_ENABLE_OBJC_ARC = YES;
				CLANG_WARN_BOOL_CONVERSION = YES;
				CLANG_WARN_CONSTANT_CONVERSION = YES;
				CLANG_WARN_DIRECT_OBJC_ISA_USAGE = YES_ERROR;
				CLANG_WARN_EMPTY_BODY = YES;
				CLANG_WARN_ENUM_CONVERSION = YES;
				CLANG_WARN_INFINITE_RECURSION = YES;
				CLANG_WARN_INT_CONVERSION = YES;
				CLANG_WARN_OBJC_ROOT_CLASS = YES_ERROR;
				CLANG_WARN_SUSPICIOUS_MOVE = YES;
				CLANG_WARN_UNREACHABLE_CODE = YES;
				CLANG_WARN__DUPLICATE_METHOD_MATCH = YES;
				"CODE_SIGN_IDENTITY[sdk=iphoneos*]" = "iPhone Developer";
				COPY_PHASE_STRIP = NO;
				DEBUG_INFORMATION_FORMAT = "dwarf-with-dsym";
				ENABLE_NS_ASSERTIONS = NO;
				ENABLE_STRICT_OBJC_MSGSEND = YES;
				GCC_C_LANGUAGE_STANDARD = gnu99;
				GCC_NO_COMMON_BLOCKS = YES;
				GCC_WARN_64_TO_32_BIT_CONVERSION = YES;
				GCC_WARN_ABOUT_RETURN_TYPE = YES_ERROR;
				GCC_WARN_UNDECLARED_SELECTOR = YES;
				GCC_WARN_UNINITIALIZED_AUTOS = YES_AGGRESSIVE;
				GCC_WARN_UNUSED_FUNCTION = YES;
				GCC_WARN_UNUSED_VARIABLE = YES;
				IPHONEOS_DEPLOYMENT_TARGET = 9.2;
				MTL_ENABLE_DEBUG_INFO = NO;
				SDKROOT = iphoneos;
				SWIFT_OPTIMIZATION_LEVEL = "-Owholemodule";
				VALIDATE_PRODUCT = YES;
			};
			name = Release;
		};
		75C8F2011CBD75C100125AD4 /* Debug */ = {
			isa = XCBuildConfiguration;
			baseConfigurationReference = C65B77430B8B36FD25FC56F7 /* Pods-SBCEO Directory.debug.xcconfig */;
			buildSettings = {
				ASSETCATALOG_COMPILER_APPICON_NAME = AppIcon;
				CODE_SIGN_IDENTITY = "iPhone Developer";
				"CODE_SIGN_IDENTITY[sdk=iphoneos*]" = "iPhone Developer";
				DEVELOPMENT_TEAM = 65AM52L96X;
				INFOPLIST_FILE = OliveAndGold/Info.plist;
				IPHONEOS_DEPLOYMENT_TARGET = 10.3;
				LD_RUNPATH_SEARCH_PATHS = "$(inherited) @executable_path/Frameworks";
				PRODUCT_BUNDLE_IDENTIFIER = com.directory.sbceo;
				PRODUCT_NAME = "SBCEO Directory";
				PROVISIONING_PROFILE = "";
				PROVISIONING_PROFILE_SPECIFIER = "";
				SWIFT_VERSION = 3.0;
			};
			name = Debug;
		};
		75C8F2021CBD75C100125AD4 /* Release */ = {
			isa = XCBuildConfiguration;
			baseConfigurationReference = E5036CCE8674D244D900F0D4 /* Pods-SBCEO Directory.release.xcconfig */;
			buildSettings = {
				ASSETCATALOG_COMPILER_APPICON_NAME = AppIcon;
				CODE_SIGN_IDENTITY = "iPhone Developer";
				"CODE_SIGN_IDENTITY[sdk=iphoneos*]" = "iPhone Developer";
				DEVELOPMENT_TEAM = 65AM52L96X;
				INFOPLIST_FILE = OliveAndGold/Info.plist;
				IPHONEOS_DEPLOYMENT_TARGET = 10.3;
				LD_RUNPATH_SEARCH_PATHS = "$(inherited) @executable_path/Frameworks";
				PRODUCT_BUNDLE_IDENTIFIER = com.directory.sbceo;
				PRODUCT_NAME = "SBCEO Directory";
				PROVISIONING_PROFILE = "";
				PROVISIONING_PROFILE_SPECIFIER = "";
				SWIFT_VERSION = 3.0;
			};
			name = Release;
		};
		75C8F2041CBD75C100125AD4 /* Debug */ = {
			isa = XCBuildConfiguration;
			baseConfigurationReference = E58F4897783976CFB6AE7E0E /* Pods-SBCEO DirectoryTests.debug.xcconfig */;
			buildSettings = {
				BUNDLE_LOADER = "$(TEST_HOST)";
				INFOPLIST_FILE = OliveAndGoldTests/Info.plist;
				IPHONEOS_DEPLOYMENT_TARGET = 9.0;
				LD_RUNPATH_SEARCH_PATHS = "$(inherited) @executable_path/Frameworks @loader_path/Frameworks";
				PRODUCT_BUNDLE_IDENTIFIER = eecc.OliveAndGoldTests;
				PRODUCT_NAME = "SBCEO Directory";
				SWIFT_VERSION = 3.0;
				TEST_HOST = "$(BUILT_PRODUCTS_DIR)/SBCEO Directory.app/SBCEO Directory";
			};
			name = Debug;
		};
		75C8F2051CBD75C100125AD4 /* Release */ = {
			isa = XCBuildConfiguration;
			baseConfigurationReference = FC7473C926DF7A95507E4481 /* Pods-SBCEO DirectoryTests.release.xcconfig */;
			buildSettings = {
				BUNDLE_LOADER = "$(TEST_HOST)";
				INFOPLIST_FILE = OliveAndGoldTests/Info.plist;
				IPHONEOS_DEPLOYMENT_TARGET = 9.0;
				LD_RUNPATH_SEARCH_PATHS = "$(inherited) @executable_path/Frameworks @loader_path/Frameworks";
				PRODUCT_BUNDLE_IDENTIFIER = eecc.OliveAndGoldTests;
				PRODUCT_NAME = "SBCEO Directory";
				SWIFT_VERSION = 3.0;
				TEST_HOST = "$(BUILT_PRODUCTS_DIR)/SBCEO Directory.app/SBCEO Directory";
			};
			name = Release;
		};
		75C8F2071CBD75C100125AD4 /* Debug */ = {
			isa = XCBuildConfiguration;
			baseConfigurationReference = BE3EAD68D299D2BC44AE2D1F /* Pods-SBCEO DirectoryUITests.debug.xcconfig */;
			buildSettings = {
				INFOPLIST_FILE = OliveAndGoldUITests/Info.plist;
				IPHONEOS_DEPLOYMENT_TARGET = 9.0;
				LD_RUNPATH_SEARCH_PATHS = "$(inherited) @executable_path/Frameworks @loader_path/Frameworks";
				PRODUCT_BUNDLE_IDENTIFIER = eecc.OliveAndGoldUITests;
				PRODUCT_NAME = "SBCEO Directory";
				SWIFT_VERSION = 3.0;
				TEST_TARGET_NAME = OliveAndGold;
				USES_XCTRUNNER = YES;
			};
			name = Debug;
		};
		75C8F2081CBD75C100125AD4 /* Release */ = {
			isa = XCBuildConfiguration;
			baseConfigurationReference = FE5F7B3E3997D3A9FB67B011 /* Pods-SBCEO DirectoryUITests.release.xcconfig */;
			buildSettings = {
				INFOPLIST_FILE = OliveAndGoldUITests/Info.plist;
				IPHONEOS_DEPLOYMENT_TARGET = 9.0;
				LD_RUNPATH_SEARCH_PATHS = "$(inherited) @executable_path/Frameworks @loader_path/Frameworks";
				PRODUCT_BUNDLE_IDENTIFIER = eecc.OliveAndGoldUITests;
				PRODUCT_NAME = "SBCEO Directory";
				SWIFT_VERSION = 3.0;
				TEST_TARGET_NAME = OliveAndGold;
				USES_XCTRUNNER = YES;
			};
			name = Release;
		};
/* End XCBuildConfiguration section */

/* Begin XCConfigurationList section */
		75C8F1D31CBD75C000125AD4 /* Build configuration list for PBXProject "SBCEO Directory" */ = {
			isa = XCConfigurationList;
			buildConfigurations = (
				75C8F1FE1CBD75C100125AD4 /* Debug */,
				75C8F1FF1CBD75C100125AD4 /* Release */,
			);
			defaultConfigurationIsVisible = 0;
			defaultConfigurationName = Release;
		};
		75C8F2001CBD75C100125AD4 /* Build configuration list for PBXNativeTarget "SBCEO Directory" */ = {
			isa = XCConfigurationList;
			buildConfigurations = (
				75C8F2011CBD75C100125AD4 /* Debug */,
				75C8F2021CBD75C100125AD4 /* Release */,
			);
			defaultConfigurationIsVisible = 0;
			defaultConfigurationName = Release;
		};
		75C8F2031CBD75C100125AD4 /* Build configuration list for PBXNativeTarget "SBCEO DirectoryTests" */ = {
			isa = XCConfigurationList;
			buildConfigurations = (
				75C8F2041CBD75C100125AD4 /* Debug */,
				75C8F2051CBD75C100125AD4 /* Release */,
			);
			defaultConfigurationIsVisible = 0;
			defaultConfigurationName = Release;
		};
		75C8F2061CBD75C100125AD4 /* Build configuration list for PBXNativeTarget "SBCEO DirectoryUITests" */ = {
			isa = XCConfigurationList;
			buildConfigurations = (
				75C8F2071CBD75C100125AD4 /* Debug */,
				75C8F2081CBD75C100125AD4 /* Release */,
			);
			defaultConfigurationIsVisible = 0;
			defaultConfigurationName = Release;
		};
/* End XCConfigurationList section */
	};
	rootObject = 75C8F1D01CBD75C000125AD4 /* Project object */;
}
